# THIS IS AN AUTOGENERATED FILE. DO NOT EDIT THIS FILE DIRECTLY.
# yarn lockfile v1


android-tools@^1.0.0:
  version "1.0.0"
  resolved "https://registry.yarnpkg.com/android-tools/-/android-tools-1.0.0.tgz#7d6813c6919c6af2012b4b5f5418546d7fbf2bdd"
  integrity sha512-JilpNAHm3VtMtLbwoZeBBk8m+bz3vbyGqYQUw1TIWi0tp5AHO4n8h24z3doENX9KnQEA3BEm/raMFomEdFY1GA==
